
Microsoft Visual Studio Solution File, Format Version 12.00
# Visual Studio Version 16
VisualStudioVersion = 16.0.30011.22
MinimumVisualStudioVersion = 10.0.40219.1
Project("{FAE04EC0-301F-11D3-BF4B-00C04F79EFBC}") = "CountryApi", "CountryApi.csproj", "{BBA6378A-6989-499B-BEA9-16BB422DF948}"
EndProject
Global
	GlobalSection(SolutionConfigurationPlatforms) = preSolution
		Debug|Any CPU = Debug|Any CPU
		Release|Any CPU = Release|Any CPU
	EndGlobalSection
	GlobalSection(ProjectConfigurationPlatforms) = postSolution
		{BBA6378A-6989-499B-BEA9-16BB422DF948}.Debug|Any CPU.ActiveCfg = Debug|Any CPU
		{BBA6378A-6989-499B-BEA9-16BB422DF948}.Debug|Any CPU.Build.0 = Debug|Any CPU
		{BBA6378A-6989-499B-BEA9-16BB422DF948}.Release|Any CPU.ActiveCfg = Release|Any CPU
		{BBA6378A-6989-499B-BEA9-16BB422DF948}.Release|Any CPU.Build.0 = Release|Any CPU
	EndGlobalSection
	GlobalSection(SolutionProperties) = preSolution
		HideSolutionNode = FALSE
	EndGlobalSection
	GlobalSection(ExtensibilityGlobals) = postSolution
		SolutionGuid = {F5970B05-76A6-4E74-BBC3-B8B34DA2E1C9}
	EndGlobalSection
EndGlobal
